
Microsoft Visual Studio Solution File, Format Version 12.00
Project("{FAE04EC0-301F-11D3-BF4B-00C04F79EFBC}") = "SchrottID", "SchrottID\SchrottID.csproj", "{8F18E7D0-B620-4375-B2A9-1D7DD5DDD486}"
EndProject
Project("{FAE04EC0-301F-11D3-BF4B-00C04F79EFBC}") = "SchrottID.Test", "SchrottID.Test\SchrottID.Test.csproj", "{2123B1C0-A74D-4824-99AD-708DEEA0DC9B}"
EndProject
Global
	GlobalSection(SolutionConfigurationPlatforms) = preSolution
		Debug|Any CPU = Debug|Any CPU
		Release|Any CPU = Release|Any CPU
	EndGlobalSection
	GlobalSection(ProjectConfigurationPlatforms) = postSolution
		{8F18E7D0-B620-4375-B2A9-1D7DD5DDD486}.Debug|Any CPU.ActiveCfg = Debug|Any CPU
		{8F18E7D0-B620-4375-B2A9-1D7DD5DDD486}.Debug|Any CPU.Build.0 = Debug|Any CPU
		{8F18E7D0-B620-4375-B2A9-1D7DD5DDD486}.Release|Any CPU.ActiveCfg = Release|Any CPU
		{8F18E7D0-B620-4375-B2A9-1D7DD5DDD486}.Release|Any CPU.Build.0 = Release|Any CPU
		{2123B1C0-A74D-4824-99AD-708DEEA0DC9B}.Debug|Any CPU.ActiveCfg = Debug|Any CPU
		{2123B1C0-A74D-4824-99AD-708DEEA0DC9B}.Debug|Any CPU.Build.0 = Debug|Any CPU
		{2123B1C0-A74D-4824-99AD-708DEEA0DC9B}.Release|Any CPU.ActiveCfg = Release|Any CPU
		{2123B1C0-A74D-4824-99AD-708DEEA0DC9B}.Release|Any CPU.Build.0 = Release|Any CPU
	EndGlobalSection
EndGlobal
